Microsoft Visual Studio Solution File, Format Version 12.00
# Visual Studio 16
VisualStudioVersion = 12.0.30501.0
MinimumVisualStudioVersion = 10.0.40219.1
Project("{FAE04EC0-301F-11D3-BF4B-00C04F79EFBC}") = "ExampleValidationErrorsHostBehavior.Wpf", "ExampleValidationErrorsHostBehavior.Wpf.Net5.csproj", "{793CAFD1-569F-46C6-BB06-779DA93F3BE3}"
EndProject
Global
	GlobalSection(SolutionConfigurationPlatforms) = preSolution
		Debug|Any CPU = Debug|Any CPU
	EndGlobalSection
	GlobalSection(ProjectConfigurationPlatforms) = postSolution
		{793CAFD1-569F-46C6-BB06-779DA93F3BE3}.Debug|Any CPU.ActiveCfg = Debug|Any CPU
		{793CAFD1-569F-46C6-BB06-779DA93F3BE3}.Debug|Any CPU.Build.0 = Debug|Any CPU
	EndGlobalSection
	GlobalSection(SolutionProperties) = preSolution
		HideSolutionNode = FALSE
	EndGlobalSection
EndGlobal
